
Microsoft Visual Studio Solution File, Format Version 12.00
# Visual Studio Version 17
VisualStudioVersion = 17.10.34825.169
MinimumVisualStudioVersion = 10.0.40219.1
Project("{FAE04EC0-301F-11D3-BF4B-00C04F79EFBC}") = "YoutubeApp", "YoutubeApp\YoutubeApp.csproj", "{F7D4F8C5-68AD-41C4-9AF8-DA32273C5BCB}"
EndProject
Project("{FAE04EC0-301F-11D3-BF4B-00C04F79EFBC}") = "Google.Apis", "Google.Apis\Google.Apis.csproj", "{7EDA0377-99BC-4971-AF9F-F83782500D1F}"
EndProject
Project("{FAE04EC0-301F-11D3-BF4B-00C04F79EFBC}") = "Google.Apis.Oauth2.v2", "Google.Apis.Oauth2.v2\Google.Apis.Oauth2.v2.csproj", "{E8632D6A-1935-4F1F-A37C-B7BC8889E089}"
EndProject
Project("{FAE04EC0-301F-11D3-BF4B-00C04F79EFBC}") = "Google.Apis.YouTube.v3", "Google.Apis.YouTube.v3\Google.Apis.YouTube.v3.csproj", "{76E2327D-8E1C-4F35-867B-1C4E09AB3BEA}"
EndProject
Project("{FAE04EC0-301F-11D3-BF4B-00C04F79EFBC}") = "Google.Apis.Auth", "Google.Apis.Auth\Google.Apis.Auth.csproj", "{F18A5E42-6F4D-4169-9310-8590FCE0D942}"
EndProject
Project("{FAE04EC0-301F-11D3-BF4B-00C04F79EFBC}") = "Google.Apis.Core", "Google.Apis.Core\Google.Apis.Core.csproj", "{E5692B5C-C746-45BC-9B77-063C0366D142}"
EndProject
Project("{9A19103F-16F7-4668-BE54-9A1E7A4F7556}") = "libvideo", "libvideo\libvideo.csproj", "{E5E2E2C4-0419-4B8C-9908-065FF239B4E6}"
EndProject
Project("{9A19103F-16F7-4668-BE54-9A1E7A4F7556}") = "LibVLCSharp", "LibVLCSharp\LibVLCSharp.csproj", "{B2BBBA7F-E385-45F9-8913-E82E260573C7}"
EndProject
Global
	GlobalSection(SolutionConfigurationPlatforms) = preSolution
		Debug|Any CPU = Debug|Any CPU
		Debug|ARM = Debug|ARM
		Debug|ARM64 = Debug|ARM64
		Debug|x64 = Debug|x64
		Debug|x86 = Debug|x86
		Release|Any CPU = Release|Any CPU
		Release|ARM = Release|ARM
		Release|ARM64 = Release|ARM64
		Release|x64 = Release|x64
		Release|x86 = Release|x86
	EndGlobalSection
	GlobalSection(ProjectConfigurationPlatforms) = postSolution
		{F7D4F8C5-68AD-41C4-9AF8-DA32273C5BCB}.Debug|Any CPU.ActiveCfg = Debug|x64
		{F7D4F8C5-68AD-41C4-9AF8-DA32273C5BCB}.Debug|Any CPU.Build.0 = Debug|x64
		{F7D4F8C5-68AD-41C4-9AF8-DA32273C5BCB}.Debug|Any CPU.Deploy.0 = Debug|x64
		{F7D4F8C5-68AD-41C4-9AF8-DA32273C5BCB}.Debug|ARM.ActiveCfg = Debug|ARM
		{F7D4F8C5-68AD-41C4-9AF8-DA32273C5BCB}.Debug|ARM.Build.0 = Debug|ARM
		{F7D4F8C5-68AD-41C4-9AF8-DA32273C5BCB}.Debug|ARM.Deploy.0 = Debug|ARM
		{F7D4F8C5-68AD-41C4-9AF8-DA32273C5BCB}.Debug|ARM64.ActiveCfg = Debug|x64
		{F7D4F8C5-68AD-41C4-9AF8-DA32273C5BCB}.Debug|x64.ActiveCfg = Debug|x64
		{F7D4F8C5-68AD-41C4-9AF8-DA32273C5BCB}.Debug|x64.Build.0 = Debug|x64
		{F7D4F8C5-68AD-41C4-9AF8-DA32273C5BCB}.Debug|x64.Deploy.0 = Debug|x64
		{F7D4F8C5-68AD-41C4-9AF8-DA32273C5BCB}.Debug|x86.ActiveCfg = Debug|x86
		{F7D4F8C5-68AD-41C4-9AF8-DA32273C5BCB}.Debug|x86.Build.0 = Debug|x86
		{F7D4F8C5-68AD-41C4-9AF8-DA32273C5BCB}.Debug|x86.Deploy.0 = Debug|x86
		{F7D4F8C5-68AD-41C4-9AF8-DA32273C5BCB}.Release|Any CPU.ActiveCfg = Release|x64
		{F7D4F8C5-68AD-41C4-9AF8-DA32273C5BCB}.Release|Any CPU.Build.0 = Release|x64
		{F7D4F8C5-68AD-41C4-9AF8-DA32273C5BCB}.Release|Any CPU.Deploy.0 = Release|x64
		{F7D4F8C5-68AD-41C4-9AF8-DA32273C5BCB}.Release|ARM.ActiveCfg = Release|ARM
		{F7D4F8C5-68AD-41C4-9AF8-DA32273C5BCB}.Release|ARM.Build.0 = Release|ARM
		{F7D4F8C5-68AD-41C4-9AF8-DA32273C5BCB}.Release|ARM.Deploy.0 = Release|ARM
		{F7D4F8C5-68AD-41C4-9AF8-DA32273C5BCB}.Release|ARM64.ActiveCfg = Release|x64
		{F7D4F8C5-68AD-41C4-9AF8-DA32273C5BCB}.Release|x64.ActiveCfg = Release|x64
		{F7D4F8C5-68AD-41C4-9AF8-DA32273C5BCB}.Release|x64.Build.0 = Release|x64
		{F7D4F8C5-68AD-41C4-9AF8-DA32273C5BCB}.Release|x64.Deploy.0 = Release|x64
		{F7D4F8C5-68AD-41C4-9AF8-DA32273C5BCB}.Release|x86.ActiveCfg = Release|x86
		{F7D4F8C5-68AD-41C4-9AF8-DA32273C5BCB}.Release|x86.Build.0 = Release|x86
		{F7D4F8C5-68AD-41C4-9AF8-DA32273C5BCB}.Release|x86.Deploy.0 = Release|x86
		{7EDA0377-99BC-4971-AF9F-F83782500D1F}.Debug|Any CPU.ActiveCfg = Debug|Any CPU
		{7EDA0377-99BC-4971-AF9F-F83782500D1F}.Debug|Any CPU.Build.0 = Debug|Any CPU
		{7EDA0377-99BC-4971-AF9F-F83782500D1F}.Debug|ARM.ActiveCfg = Debug|ARM
		{7EDA0377-99BC-4971-AF9F-F83782500D1F}.Debug|ARM.Build.0 = Debug|ARM
		{7EDA0377-99BC-4971-AF9F-F83782500D1F}.Debug|ARM64.ActiveCfg = Debug|ARM64
		{7EDA0377-99BC-4971-AF9F-F83782500D1F}.Debug|ARM64.Build.0 = Debug|ARM64
		{7EDA0377-99BC-4971-AF9F-F83782500D1F}.Debug|x64.ActiveCfg = Debug|x64
		{7EDA0377-99BC-4971-AF9F-F83782500D1F}.Debug|x64.Build.0 = Debug|x64
		{7EDA0377-99BC-4971-AF9F-F83782500D1F}.Debug|x86.ActiveCfg = Debug|x86
		{7EDA0377-99BC-4971-AF9F-F83782500D1F}.Debug|x86.Build.0 = Debug|x86
		{7EDA0377-99BC-4971-AF9F-F83782500D1F}.Release|Any CPU.ActiveCfg = Release|Any CPU
		{7EDA0377-99BC-4971-AF9F-F83782500D1F}.Release|Any CPU.Build.0 = Release|Any CPU
		{7EDA0377-99BC-4971-AF9F-F83782500D1F}.Release|ARM.ActiveCfg = Release|ARM
		{7EDA0377-99BC-4971-AF9F-F83782500D1F}.Release|ARM.Build.0 = Release|ARM
		{7EDA0377-99BC-4971-AF9F-F83782500D1F}.Release|ARM64.ActiveCfg = Release|ARM64
		{7EDA0377-99BC-4971-AF9F-F83782500D1F}.Release|ARM64.Build.0 = Release|ARM64
		{7EDA0377-99BC-4971-AF9F-F83782500D1F}.Release|x64.ActiveCfg = Release|x64
		{7EDA0377-99BC-4971-AF9F-F83782500D1F}.Release|x64.Build.0 = Release|x64
		{7EDA0377-99BC-4971-AF9F-F83782500D1F}.Release|x86.ActiveCfg = Release|x86
		{7EDA0377-99BC-4971-AF9F-F83782500D1F}.Release|x86.Build.0 = Release|x86
		{E8632D6A-1935-4F1F-A37C-B7BC8889E089}.Debug|Any CPU.ActiveCfg = Debug|Any CPU
		{E8632D6A-1935-4F1F-A37C-B7BC8889E089}.Debug|Any CPU.Build.0 = Debug|Any CPU
		{E8632D6A-1935-4F1F-A37C-B7BC8889E089}.Debug|ARM.ActiveCfg = Debug|ARM
		{E8632D6A-1935-4F1F-A37C-B7BC8889E089}.Debug|ARM.Build.0 = Debug|ARM
		{E8632D6A-1935-4F1F-A37C-B7BC8889E089}.Debug|ARM64.ActiveCfg = Debug|ARM64
		{E8632D6A-1935-4F1F-A37C-B7BC8889E089}.Debug|ARM64.Build.0 = Debug|ARM64
		{E8632D6A-1935-4F1F-A37C-B7BC8889E089}.Debug|x64.ActiveCfg = Debug|x64
		{E8632D6A-1935-4F1F-A37C-B7BC8889E089}.Debug|x64.Build.0 = Debug|x64
		{E8632D6A-1935-4F1F-A37C-B7BC8889E089}.Debug|x86.ActiveCfg = Debug|x86
		{E8632D6A-1935-4F1F-A37C-B7BC8889E089}.Debug|x86.Build.0 = Debug|x86
		{E8632D6A-1935-4F1F-A37C-B7BC8889E089}.Release|Any CPU.ActiveCfg = Release|Any CPU
		{E8632D6A-1935-4F1F-A37C-B7BC8889E089}.Release|Any CPU.Build.0 = Release|Any CPU
		{E8632D6A-1935-4F1F-A37C-B7BC8889E089}.Release|ARM.ActiveCfg = Release|ARM
		{E8632D6A-1935-4F1F-A37C-B7BC8889E089}.Release|ARM.Build.0 = Release|ARM
		{E8632D6A-1935-4F1F-A37C-B7BC8889E089}.Release|ARM64.ActiveCfg = Release|ARM64
		{E8632D6A-1935-4F1F-A37C-B7BC8889E089}.Release|ARM64.Build.0 = Release|ARM64
		{E8632D6A-1935-4F1F-A37C-B7BC8889E089}.Release|x64.ActiveCfg = Release|x64
		{E8632D6A-1935-4F1F-A37C-B7BC8889E089}.Release|x64.Build.0 = Release|x64
		{E8632D6A-1935-4F1F-A37C-B7BC8889E089}.Release|x86.ActiveCfg = Release|x86
		{E8632D6A-1935-4F1F-A37C-B7BC8889E089}.Release|x86.Build.0 = Release|x86
		{76E2327D-8E1C-4F35-867B-1C4E09AB3BEA}.Debug|Any CPU.ActiveCfg = Debug|Any CPU
		{76E2327D-8E1C-4F35-867B-1C4E09AB3BEA}.Debug|Any CPU.Build.0 = Debug|Any CPU
		{76E2327D-8E1C-4F35-867B-1C4E09AB3BEA}.Debug|ARM.ActiveCfg = Debug|ARM
		{76E2327D-8E1C-4F35-867B-1C4E09AB3BEA}.Debug|ARM.Build.0 = Debug|ARM
		{76E2327D-8E1C-4F35-867B-1C4E09AB3BEA}.Debug|ARM64.ActiveCfg = Debug|ARM64
		{76E2327D-8E1C-4F35-867B-1C4E09AB3BEA}.Debug|ARM64.Build.0 = Debug|ARM64
		{76E2327D-8E1C-4F35-867B-1C4E09AB3BEA}.Debug|x64.ActiveCfg = Debug|x64
		{76E2327D-8E1C-4F35-867B-1C4E09AB3BEA}.Debug|x64.Build.0 = Debug|x64
		{76E2327D-8E1C-4F35-867B-1C4E09AB3BEA}.Debug|x86.ActiveCfg = Debug|x86
		{76E2327D-8E1C-4F35-867B-1C4E09AB3BEA}.Debug|x86.Build.0 = Debug|x86
		{76E2327D-8E1C-4F35-867B-1C4E09AB3BEA}.Release|Any CPU.ActiveCfg = Release|Any CPU
		{76E2327D-8E1C-4F35-867B-1C4E09AB3BEA}.Release|Any CPU.Build.0 = Release|Any CPU
		{76E2327D-8E1C-4F35-867B-1C4E09AB3BEA}.Release|ARM.ActiveCfg = Release|ARM
		{76E2327D-8E1C-4F35-867B-1C4E09AB3BEA}.Release|ARM.Build.0 = Release|ARM
		{76E2327D-8E1C-4F35-867B-1C4E09AB3BEA}.Release|ARM64.ActiveCfg = Release|ARM64
		{76E2327D-8E1C-4F35-867B-1C4E09AB3BEA}.Release|ARM64.Build.0 = Release|ARM64
		{76E2327D-8E1C-4F35-867B-1C4E09AB3BEA}.Release|x64.ActiveCfg = Release|x64
		{76E2327D-8E1C-4F35-867B-1C4E09AB3BEA}.Release|x64.Build.0 = Release|x64
		{76E2327D-8E1C-4F35-867B-1C4E09AB3BEA}.Release|x86.ActiveCfg = Release|x86
		{76E2327D-8E1C-4F35-867B-1C4E09AB3BEA}.Release|x86.Build.0 = Release|x86
		{F18A5E42-6F4D-4169-9310-8590FCE0D942}.Debug|Any CPU.ActiveCfg = Debug|Any CPU
		{F18A5E42-6F4D-4169-9310-8590FCE0D942}.Debug|Any CPU.Build.0 = Debug|Any CPU
		{F18A5E42-6F4D-4169-9310-8590FCE0D942}.Debug|ARM.ActiveCfg = Debug|ARM
		{F18A5E42-6F4D-4169-9310-8590FCE0D942}.Debug|ARM.Build.0 = Debug|ARM
		{F18A5E42-6F4D-4169-9310-8590FCE0D942}.Debug|ARM64.ActiveCfg = Debug|ARM64
		{F18A5E42-6F4D-4169-9310-8590FCE0D942}.Debug|ARM64.Build.0 = Debug|ARM64
		{F18A5E42-6F4D-4169-9310-8590FCE0D942}.Debug|x64.ActiveCfg = Debug|x64
		{F18A5E42-6F4D-4169-9310-8590FCE0D942}.Debug|x64.Build.0 = Debug|x64
		{F18A5E42-6F4D-4169-9310-8590FCE0D942}.Debug|x86.ActiveCfg = Debug|x86
		{F18A5E42-6F4D-4169-9310-8590FCE0D942}.Debug|x86.Build.0 = Debug|x86
		{F18A5E42-6F4D-4169-9310-8590FCE0D942}.Release|Any CPU.ActiveCfg = Release|Any CPU
		{F18A5E42-6F4D-4169-9310-8590FCE0D942}.Release|Any CPU.Build.0 = Release|Any CPU
		{F18A5E42-6F4D-4169-9310-8590FCE0D942}.Release|ARM.ActiveCfg = Release|ARM
		{F18A5E42-6F4D-4169-9310-8590FCE0D942}.Release|ARM.Build.0 = Release|ARM
		{F18A5E42-6F4D-4169-9310-8590FCE0D942}.Release|ARM64.ActiveCfg = Release|ARM64
		{F18A5E42-6F4D-4169-9310-8590FCE0D942}.Release|ARM64.Build.0 = Release|ARM64
		{F18A5E42-6F4D-4169-9310-8590FCE0D942}.Release|x64.ActiveCfg = Release|x64
		{F18A5E42-6F4D-4169-9310-8590FCE0D942}.Release|x64.Build.0 = Release|x64
		{F18A5E42-6F4D-4169-9310-8590FCE0D942}.Release|x86.ActiveCfg = Release|x86
		{F18A5E42-6F4D-4169-9310-8590FCE0D942}.Release|x86.Build.0 = Release|x86
		{E5692B5C-C746-45BC-9B77-063C0366D142}.Debug|Any CPU.ActiveCfg = Debug|Any CPU
		{E5692B5C-C746-45BC-9B77-063C0366D142}.Debug|Any CPU.Build.0 = Debug|Any CPU
		{E5692B5C-C746-45BC-9B77-063C0366D142}.Debug|ARM.ActiveCfg = Debug|ARM
		{E5692B5C-C746-45BC-9B77-063C0366D142}.Debug|ARM.Build.0 = Debug|ARM
		{E5692B5C-C746-45BC-9B77-063C0366D142}.Debug|ARM64.ActiveCfg = Debug|ARM64
		{E5692B5C-C746-45BC-9B77-063C0366D142}.Debug|ARM64.Build.0 = Debug|ARM64
		{E5692B5C-C746-45BC-9B77-063C0366D142}.Debug|x64.ActiveCfg = Debug|x64
		{E5692B5C-C746-45BC-9B77-063C0366D142}.Debug|x64.Build.0 = Debug|x64
		{E5692B5C-C746-45BC-9B77-063C0366D142}.Debug|x86.ActiveCfg = Debug|x86
		{E5692B5C-C746-45BC-9B77-063C0366D142}.Debug|x86.Build.0 = Debug|x86
		{E5692B5C-C746-45BC-9B77-063C0366D142}.Release|Any CPU.ActiveCfg = Release|Any CPU
		{E5692B5C-C746-45BC-9B77-063C0366D142}.Release|Any CPU.Build.0 = Release|Any CPU
		{E5692B5C-C746-45BC-9B77-063C0366D142}.Release|ARM.ActiveCfg = Release|ARM
		{E5692B5C-C746-45BC-9B77-063C0366D142}.Release|ARM.Build.0 = Release|ARM
		{E5692B5C-C746-45BC-9B77-063C0366D142}.Release|ARM64.ActiveCfg = Release|ARM64
		{E5692B5C-C746-45BC-9B77-063C0366D142}.Release|ARM64.Build.0 = Release|ARM64
		{E5692B5C-C746-45BC-9B77-063C0366D142}.Release|x64.ActiveCfg = Release|x64
		{E5692B5C-C746-45BC-9B77-063C0366D142}.Release|x64.Build.0 = Release|x64
		{E5692B5C-C746-45BC-9B77-063C0366D142}.Release|x86.ActiveCfg = Release|x86
		{E5692B5C-C746-45BC-9B77-063C0366D142}.Release|x86.Build.0 = Release|x86
		{E5E2E2C4-0419-4B8C-9908-065FF239B4E6}.Debug|Any CPU.ActiveCfg = Debug|Any CPU
		{E5E2E2C4-0419-4B8C-9908-065FF239B4E6}.Debug|Any CPU.Build.0 = Debug|Any CPU
		{E5E2E2C4-0419-4B8C-9908-065FF239B4E6}.Debug|ARM.ActiveCfg = Debug|Any CPU
		{E5E2E2C4-0419-4B8C-9908-065FF239B4E6}.Debug|ARM.Build.0 = Debug|Any CPU
		{E5E2E2C4-0419-4B8C-9908-065FF239B4E6}.Debug|ARM64.ActiveCfg = Debug|Any CPU
		{E5E2E2C4-0419-4B8C-9908-065FF239B4E6}.Debug|ARM64.Build.0 = Debug|Any CPU
		{E5E2E2C4-0419-4B8C-9908-065FF239B4E6}.Debug|x64.ActiveCfg = Debug|Any CPU
		{E5E2E2C4-0419-4B8C-9908-065FF239B4E6}.Debug|x64.Build.0 = Debug|Any CPU
		{E5E2E2C4-0419-4B8C-9908-065FF239B4E6}.Debug|x86.ActiveCfg = Debug|Any CPU
		{E5E2E2C4-0419-4B8C-9908-065FF239B4E6}.Debug|x86.Build.0 = Debug|Any CPU
		{E5E2E2C4-0419-4B8C-9908-065FF239B4E6}.Release|Any CPU.ActiveCfg = Release|Any CPU
		{E5E2E2C4-0419-4B8C-9908-065FF239B4E6}.Release|Any CPU.Build.0 = Release|Any CPU
		{E5E2E2C4-0419-4B8C-9908-065FF239B4E6}.Release|ARM.ActiveCfg = Release|Any CPU
		{E5E2E2C4-0419-4B8C-9908-065FF239B4E6}.Release|ARM.Build.0 = Release|Any CPU
		{E5E2E2C4-0419-4B8C-9908-065FF239B4E6}.Release|ARM64.ActiveCfg = Release|Any CPU
		{E5E2E2C4-0419-4B8C-9908-065FF239B4E6}.Release|ARM64.Build.0 = Release|Any CPU
		{E5E2E2C4-0419-4B8C-9908-065FF239B4E6}.Release|x64.ActiveCfg = Release|Any CPU
		{E5E2E2C4-0419-4B8C-9908-065FF239B4E6}.Release|x64.Build.0 = Release|Any CPU
		{E5E2E2C4-0419-4B8C-9908-065FF239B4E6}.Release|x86.ActiveCfg = Release|Any CPU
		{E5E2E2C4-0419-4B8C-9908-065FF239B4E6}.Release|x86.Build.0 = Release|Any CPU
		{B2BBBA7F-E385-45F9-8913-E82E260573C7}.Debug|Any CPU.ActiveCfg = Debug|Any CPU
		{B2BBBA7F-E385-45F9-8913-E82E260573C7}.Debug|Any CPU.Build.0 = Debug|Any CPU
		{B2BBBA7F-E385-45F9-8913-E82E260573C7}.Debug|ARM.ActiveCfg = Debug|Any CPU
		{B2BBBA7F-E385-45F9-8913-E82E260573C7}.Debug|ARM.Build.0 = Debug|Any CPU
		{B2BBBA7F-E385-45F9-8913-E82E260573C7}.Debug|ARM64.ActiveCfg = Debug|Any CPU
		{B2BBBA7F-E385-45F9-8913-E82E260573C7}.Debug|ARM64.Build.0 = Debug|Any CPU
		{B2BBBA7F-E385-45F9-8913-E82E260573C7}.Debug|x64.ActiveCfg = Debug|Any CPU
		{B2BBBA7F-E385-45F9-8913-E82E260573C7}.Debug|x64.Build.0 = Debug|Any CPU
		{B2BBBA7F-E385-45F9-8913-E82E260573C7}.Debug|x86.ActiveCfg = Debug|Any CPU
		{B2BBBA7F-E385-45F9-8913-E82E260573C7}.Debug|x86.Build.0 = Debug|Any CPU
		{B2BBBA7F-E385-45F9-8913-E82E260573C7}.Release|Any CPU.ActiveCfg = Release|Any CPU
		{B2BBBA7F-E385-45F9-8913-E82E260573C7}.Release|Any CPU.Build.0 = Release|Any CPU
		{B2BBBA7F-E385-45F9-8913-E82E260573C7}.Release|ARM.ActiveCfg = Release|Any CPU
		{B2BBBA7F-E385-45F9-8913-E82E260573C7}.Release|ARM.Build.0 = Release|Any CPU
		{B2BBBA7F-E385-45F9-8913-E82E260573C7}.Release|ARM64.ActiveCfg = Release|Any CPU
		{B2BBBA7F-E385-45F9-8913-E82E260573C7}.Release|ARM64.Build.0 = Release|Any CPU
		{B2BBBA7F-E385-45F9-8913-E82E260573C7}.Release|x64.ActiveCfg = Release|Any CPU
		{B2BBBA7F-E385-45F9-8913-E82E260573C7}.Release|x64.Build.0 = Release|Any CPU
		{B2BBBA7F-E385-45F9-8913-E82E260573C7}.Release|x86.ActiveCfg = Release|Any CPU
		{B2BBBA7F-E385-45F9-8913-E82E260573C7}.Release|x86.Build.0 = Release|Any CPU
	EndGlobalSection
	GlobalSection(SolutionProperties) = preSolution
		HideSolutionNode = FALSE
	EndGlobalSection
	GlobalSection(ExtensibilityGlobals) = postSolution
		SolutionGuid = {8383FA4C-436F-41B1-91A3-B3A8491C7FFB}
	EndGlobalSection
EndGlobal
